
Microsoft Visual Studio Solution File, Format Version 12.00
# Visual Studio Version 16
VisualStudioVersion = 16.0.30114.105
MinimumVisualStudioVersion = 10.0.40219.1
Project("{FAE04EC0-301F-11D3-BF4B-00C04F79EFBC}") = "Slut_projekt", "Slut_projekt\Slut_projekt.csproj", "{ADCCDFA7-DB8A-4BC0-9A7C-2EBAF715396A}"
EndProject
Global
	GlobalSection(SolutionConfigurationPlatforms) = preSolution
		Debug|Any CPU = Debug|Any CPU
		Debug|x64 = Debug|x64
		Debug|x86 = Debug|x86
		Release|Any CPU = Release|Any CPU
		Release|x64 = Release|x64
		Release|x86 = Release|x86
	EndGlobalSection
	GlobalSection(SolutionProperties) = preSolution
		HideSolutionNode = FALSE
	EndGlobalSection
	GlobalSection(ProjectConfigurationPlatforms) = postSolution
		{ADCCDFA7-DB8A-4BC0-9A7C-2EBAF715396A}.Debug|Any CPU.ActiveCfg = Debug|Any CPU
		{ADCCDFA7-DB8A-4BC0-9A7C-2EBAF715396A}.Debug|Any CPU.Build.0 = Debug|Any CPU
		{ADCCDFA7-DB8A-4BC0-9A7C-2EBAF715396A}.Debug|x64.ActiveCfg = Debug|Any CPU
		{ADCCDFA7-DB8A-4BC0-9A7C-2EBAF715396A}.Debug|x64.Build.0 = Debug|Any CPU
		{ADCCDFA7-DB8A-4BC0-9A7C-2EBAF715396A}.Debug|x86.ActiveCfg = Debug|Any CPU
		{ADCCDFA7-DB8A-4BC0-9A7C-2EBAF715396A}.Debug|x86.Build.0 = Debug|Any CPU
		{ADCCDFA7-DB8A-4BC0-9A7C-2EBAF715396A}.Release|Any CPU.ActiveCfg = Release|Any CPU
		{ADCCDFA7-DB8A-4BC0-9A7C-2EBAF715396A}.Release|Any CPU.Build.0 = Release|Any CPU
		{ADCCDFA7-DB8A-4BC0-9A7C-2EBAF715396A}.Release|x64.ActiveCfg = Release|Any CPU
		{ADCCDFA7-DB8A-4BC0-9A7C-2EBAF715396A}.Release|x64.Build.0 = Release|Any CPU
		{ADCCDFA7-DB8A-4BC0-9A7C-2EBAF715396A}.Release|x86.ActiveCfg = Release|Any CPU
		{ADCCDFA7-DB8A-4BC0-9A7C-2EBAF715396A}.Release|x86.Build.0 = Release|Any CPU
	EndGlobalSection
EndGlobal
